<?xml version="1.0" encoding="utf-8"?>
<Project ToolsVersion="4.0" xmlns="http://schemas.microsoft.com/developer/msbuild/2003">
  <ItemGroup>
    <Filter Include="Source Files">
      <UniqueIdentifier>{4FC737F1-C7A5-4376-A066-2A32D752A2FF}</UniqueIdentifier>
      <Extensions>cpp;c;cc;cxx;def;odl;idl;hpj;bat;asm;asmx</Extensions>
    </Filter>
    <Filter Include="Header Files">
      <UniqueIdentifier>{93995380-89BD-4b04-88EB-625FBE52EBFB}</UniqueIdentifier>
      <Extensions>h;hh;hpp;hxx;hm;inl;inc;xsd</Extensions>
    </Filter>
    <Filter Include="Resource Files">
      <UniqueIdentifier>{67DA6AB6-F800-4c08-8B7A-83BB121AAD01}</UniqueIdentifier>
      <Extensions>rc;ico;cur;bmp;dlg;rc2;rct;bin;rgs;gif;jpg;jpeg;jpe;resx;tiff;tif;png;wav;mfcribbon-ms</Extensions>
    </Filter>
    <Filter Include="Header Files\Management">
      <UniqueIdentifier>{851bfb55-2a4e-4143-8cab-95a77001bded}</UniqueIdentifier>
    </Filter>
    <Filter Include="Header Files\Tile">
      <UniqueIdentifier>{41dbccc7-dbd3-47a7-92ad-26237e58b1e4}</UniqueIdentifier>
    </Filter>
    <Filter Include="Header Files\Structs">
      <UniqueIdentifier>{68d7fb9b-ba62-4ab1-9cae-049ac6c58682}</UniqueIdentifier>
    </Filter>
    <Filter Include="Source Files\Tile">
      <UniqueIdentifier>{f7051629-1220-4987-b33f-f94f9b4682db}</UniqueIdentifier>
    </Filter>
    <Filter Include="Header Files\GameElements">
      <UniqueIdentifier>{559ab867-a6bc-4756-8899-8f32dd57add0}</UniqueIdentifier>
    </Filter>
    <Filter Include="Source Files\GameElements">
      <UniqueIdentifier>{5808838d-b362-41d8-bdb7-e7a2c95c22d0}</UniqueIdentifier>
    </Filter>
    <Filter Include="Header Files\GameElements\Behaviours">
      <UniqueIdentifier>{745e317b-4bf1-4061-ba6a-1efea902a0c9}</UniqueIdentifier>
    </Filter>
    <Filter Include="Source Files\GameElements\Behaviours">
      <UniqueIdentifier>{9caee650-3986-42c3-977b-3e05497adfaf}</UniqueIdentifier>
    </Filter>
    <Filter Include="Resource Files\FuzzyLite">
      <UniqueIdentifier>{36ff3274-ad86-4119-bc24-7f4824d3c144}</UniqueIdentifier>
    </Filter>
    <Filter Include="Resource Files\FuzzyLite\variable">
      <UniqueIdentifier>{8bb378d0-8a5f-45c7-886f-1498e5a0c9e7}</UniqueIdentifier>
    </Filter>
    <Filter Include="Resource Files\FuzzyLite\term">
      <UniqueIdentifier>{e4b1a0ca-763a-4904-9cd6-d21106247334}</UniqueIdentifier>
    </Filter>
    <Filter Include="Resource Files\FuzzyLite\rule">
      <UniqueIdentifier>{675038d8-b979-419e-b758-b50da90d1f4d}</UniqueIdentifier>
    </Filter>
    <Filter Include="Resource Files\FuzzyLite\norm">
      <UniqueIdentifier>{e85e6772-37fd-4de0-871e-79e5bd2255d0}</UniqueIdentifier>
    </Filter>
    <Filter Include="Resource Files\FuzzyLite\norm\s">
      <UniqueIdentifier>{e8ec5845-2fb0-4324-b576-35d29a34a047}</UniqueIdentifier>
    </Filter>
    <Filter Include="Resource Files\FuzzyLite\norm\t">
      <UniqueIdentifier>{c307d58c-1bf9-4e7f-b195-40ff8c12abd8}</UniqueIdentifier>
    </Filter>
    <Filter Include="Resource Files\FuzzyLite\imex">
      <UniqueIdentifier>{233c32dd-37bd-4074-bd39-b39c1420faa6}</UniqueIdentifier>
    </Filter>
    <Filter Include="Resource Files\FuzzyLite\hedge">
      <UniqueIdentifier>{85fd931e-05b0-4d2b-8560-1647fac02c80}</UniqueIdentifier>
    </Filter>
    <Filter Include="Resource Files\FuzzyLite\factory">
      <UniqueIdentifier>{0980c586-fc0a-43ee-ba7d-72819638543d}</UniqueIdentifier>
    </Filter>
    <Filter Include="Resource Files\FuzzyLite\defuzzifier">
      <UniqueIdentifier>{d25f2c4f-480e-476b-bf6e-faf094de6d89}</UniqueIdentifier>
    </Filter>
    <Filter Include="Resource Files\FuzzyLite\activation">
      <UniqueIdentifier>{c7a52634-4a5d-43e9-b96f-bd07158363c5}</UniqueIdentifier>
    </Filter>
  </ItemGroup>
  <ItemGroup>
    <ClCompile Include="..\Assets\External\jsoncpp.cpp">
      <Filter>Resource Files</Filter>
    </ClCompile>
    <ClCompile Include="main.cpp">
      <Filter>Source Files</Filter>
    </ClCompile>
    <ClCompile Include="GameLogic.cpp">
      <Filter>Source Files</Filter>
    </ClCompile>
    <ClCompile Include="SFML_Window.cpp">
      <Filter>Source Files</Filter>
    </ClCompile>
    <ClCompile Include="RoomEscape.cpp">
      <Filter>Source Files</Filter>
    </ClCompile>
    <ClCompile Include="World.cpp">
      <Filter>Source Files</Filter>
    </ClCompile>
    <ClCompile Include="Player.cpp">
      <Filter>Source Files\GameElements</Filter>
    </ClCompile>
    <ClCompile Include="Tile.cpp">
      <Filter>Source Files\Tile</Filter>
    </ClCompile>
    <ClCompile Include="DeadlyTile.cpp">
      <Filter>Source Files\Tile</Filter>
    </ClCompile>
    <ClCompile Include="CautiousTile.cpp">
      <Filter>Source Files\Tile</Filter>
    </ClCompile>
    <ClCompile Include="AcceptableTile.cpp">
      <Filter>Source Files\Tile</Filter>
    </ClCompile>
    <ClCompile Include="Behaviour.cpp">
      <Filter>Source Files\GameElements\Behaviours</Filter>
    </ClCompile>
    <ClCompile Include="Interactable.cpp">
      <Filter>Source Files\GameElements</Filter>
    </ClCompile>
    <ClCompile Include="FuzzyBehaviour.cpp">
      <Filter>Source Files\GameElements\Behaviours</Filter>
    </ClCompile>
    <ClCompile Include="FuzzyLite\Benchmark.cpp">
      <Filter>Resource Files\FuzzyLite</Filter>
    </ClCompile>
    <ClCompile Include="FuzzyLite\Complexity.cpp">
      <Filter>Resource Files\FuzzyLite</Filter>
    </ClCompile>
    <ClCompile Include="FuzzyLite\Console.cpp">
      <Filter>Resource Files\FuzzyLite</Filter>
    </ClCompile>
    <ClCompile Include="FuzzyLite\Engine.cpp">
      <Filter>Resource Files\FuzzyLite</Filter>
    </ClCompile>
    <ClCompile Include="FuzzyLite\Exception.cpp">
      <Filter>Resource Files\FuzzyLite</Filter>
    </ClCompile>
    <ClCompile Include="FuzzyLite\fuzzylite.cpp">
      <Filter>Resource Files\FuzzyLite</Filter>
    </ClCompile>
    <ClCompile Include="FuzzyLite\variable\InputVariable.cpp">
      <Filter>Resource Files\FuzzyLite\variable</Filter>
    </ClCompile>
    <ClCompile Include="FuzzyLite\variable\OutputVariable.cpp">
      <Filter>Resource Files\FuzzyLite\variable</Filter>
    </ClCompile>
    <ClCompile Include="FuzzyLite\variable\Variable.cpp">
      <Filter>Resource Files\FuzzyLite\variable</Filter>
    </ClCompile>
    <ClCompile Include="FuzzyLite\term\Activated.cpp">
      <Filter>Resource Files\FuzzyLite\term</Filter>
    </ClCompile>
    <ClCompile Include="FuzzyLite\term\Aggregated.cpp">
      <Filter>Resource Files\FuzzyLite\term</Filter>
    </ClCompile>
    <ClCompile Include="FuzzyLite\term\Bell.cpp">
      <Filter>Resource Files\FuzzyLite\term</Filter>
    </ClCompile>
    <ClCompile Include="FuzzyLite\term\Binary.cpp">
      <Filter>Resource Files\FuzzyLite\term</Filter>
    </ClCompile>
    <ClCompile Include="FuzzyLite\term\Concave.cpp">
      <Filter>Resource Files\FuzzyLite\term</Filter>
    </ClCompile>
    <ClCompile Include="FuzzyLite\term\Constant.cpp">
      <Filter>Resource Files\FuzzyLite\term</Filter>
    </ClCompile>
    <ClCompile Include="FuzzyLite\term\Cosine.cpp">
      <Filter>Resource Files\FuzzyLite\term</Filter>
    </ClCompile>
    <ClCompile Include="FuzzyLite\term\Discrete.cpp">
      <Filter>Resource Files\FuzzyLite\term</Filter>
    </ClCompile>
    <ClCompile Include="FuzzyLite\term\Function.cpp">
      <Filter>Resource Files\FuzzyLite\term</Filter>
    </ClCompile>
    <ClCompile Include="FuzzyLite\term\Gaussian.cpp">
      <Filter>Resource Files\FuzzyLite\term</Filter>
    </ClCompile>
    <ClCompile Include="FuzzyLite\term\GaussianProduct.cpp">
      <Filter>Resource Files\FuzzyLite\term</Filter>
    </ClCompile>
    <ClCompile Include="FuzzyLite\term\Linear.cpp">
      <Filter>Resource Files\FuzzyLite\term</Filter>
    </ClCompile>
    <ClCompile Include="FuzzyLite\term\PiShape.cpp">
      <Filter>Resource Files\FuzzyLite\term</Filter>
    </ClCompile>
    <ClCompile Include="FuzzyLite\term\Ramp.cpp">
      <Filter>Resource Files\FuzzyLite\term</Filter>
    </ClCompile>
    <ClCompile Include="FuzzyLite\term\Rectangle.cpp">
      <Filter>Resource Files\FuzzyLite\term</Filter>
    </ClCompile>
    <ClCompile Include="FuzzyLite\term\Sigmoid.cpp">
      <Filter>Resource Files\FuzzyLite\term</Filter>
    </ClCompile>
    <ClCompile Include="FuzzyLite\term\SigmoidDifference.cpp">
      <Filter>Resource Files\FuzzyLite\term</Filter>
    </ClCompile>
    <ClCompile Include="FuzzyLite\term\SigmoidProduct.cpp">
      <Filter>Resource Files\FuzzyLite\term</Filter>
    </ClCompile>
    <ClCompile Include="FuzzyLite\term\Spike.cpp">
      <Filter>Resource Files\FuzzyLite\term</Filter>
    </ClCompile>
    <ClCompile Include="FuzzyLite\term\SShape.cpp">
      <Filter>Resource Files\FuzzyLite\term</Filter>
    </ClCompile>
    <ClCompile Include="FuzzyLite\term\Term.cpp">
      <Filter>Resource Files\FuzzyLite\term</Filter>
    </ClCompile>
    <ClCompile Include="FuzzyLite\term\Trapezoid.cpp">
      <Filter>Resource Files\FuzzyLite\term</Filter>
    </ClCompile>
    <ClCompile Include="FuzzyLite\term\Triangle.cpp">
      <Filter>Resource Files\FuzzyLite\term</Filter>
    </ClCompile>
    <ClCompile Include="FuzzyLite\term\ZShape.cpp">
      <Filter>Resource Files\FuzzyLite\term</Filter>
    </ClCompile>
    <ClCompile Include="FuzzyLite\rule\Antecedent.cpp">
      <Filter>Resource Files\FuzzyLite\rule</Filter>
    </ClCompile>
    <ClCompile Include="FuzzyLite\rule\Consequent.cpp">
      <Filter>Resource Files\FuzzyLite\rule</Filter>
    </ClCompile>
    <ClCompile Include="FuzzyLite\rule\Expression.cpp">
      <Filter>Resource Files\FuzzyLite\rule</Filter>
    </ClCompile>
    <ClCompile Include="FuzzyLite\rule\Rule.cpp">
      <Filter>Resource Files\FuzzyLite\rule</Filter>
    </ClCompile>
    <ClCompile Include="FuzzyLite\rule\RuleBlock.cpp">
      <Filter>Resource Files\FuzzyLite\rule</Filter>
    </ClCompile>
    <ClCompile Include="FuzzyLite\norm\t\AlgebraicProduct.cpp">
      <Filter>Resource Files\FuzzyLite\norm\t</Filter>
    </ClCompile>
    <ClCompile Include="FuzzyLite\norm\t\BoundedDifference.cpp">
      <Filter>Resource Files\FuzzyLite\norm\t</Filter>
    </ClCompile>
    <ClCompile Include="FuzzyLite\norm\t\DrasticProduct.cpp">
      <Filter>Resource Files\FuzzyLite\norm\t</Filter>
    </ClCompile>
    <ClCompile Include="FuzzyLite\norm\t\EinsteinProduct.cpp">
      <Filter>Resource Files\FuzzyLite\norm\t</Filter>
    </ClCompile>
    <ClCompile Include="FuzzyLite\norm\t\HamacherProduct.cpp">
      <Filter>Resource Files\FuzzyLite\norm\t</Filter>
    </ClCompile>
    <ClCompile Include="FuzzyLite\norm\t\Minimum.cpp">
      <Filter>Resource Files\FuzzyLite\norm\t</Filter>
    </ClCompile>
    <ClCompile Include="FuzzyLite\norm\t\NilpotentMinimum.cpp">
      <Filter>Resource Files\FuzzyLite\norm\t</Filter>
    </ClCompile>
    <ClCompile Include="FuzzyLite\norm\t\TNormFunction.cpp">
      <Filter>Resource Files\FuzzyLite\norm\t</Filter>
    </ClCompile>
    <ClCompile Include="FuzzyLite\norm\s\AlgebraicSum.cpp">
      <Filter>Resource Files\FuzzyLite\norm\s</Filter>
    </ClCompile>
    <ClCompile Include="FuzzyLite\norm\s\BoundedSum.cpp">
      <Filter>Resource Files\FuzzyLite\norm\s</Filter>
    </ClCompile>
    <ClCompile Include="FuzzyLite\norm\s\DrasticSum.cpp">
      <Filter>Resource Files\FuzzyLite\norm\s</Filter>
    </ClCompile>
    <ClCompile Include="FuzzyLite\norm\s\EinsteinSum.cpp">
      <Filter>Resource Files\FuzzyLite\norm\s</Filter>
    </ClCompile>
    <ClCompile Include="FuzzyLite\norm\s\HamacherSum.cpp">
      <Filter>Resource Files\FuzzyLite\norm\s</Filter>
    </ClCompile>
    <ClCompile Include="FuzzyLite\norm\s\Maximum.cpp">
      <Filter>Resource Files\FuzzyLite\norm\s</Filter>
    </ClCompile>
    <ClCompile Include="FuzzyLite\norm\s\NilpotentMaximum.cpp">
      <Filter>Resource Files\FuzzyLite\norm\s</Filter>
    </ClCompile>
    <ClCompile Include="FuzzyLite\norm\s\NormalizedSum.cpp">
      <Filter>Resource Files\FuzzyLite\norm\s</Filter>
    </ClCompile>
    <ClCompile Include="FuzzyLite\norm\s\SNormFunction.cpp">
      <Filter>Resource Files\FuzzyLite\norm\s</Filter>
    </ClCompile>
    <ClCompile Include="FuzzyLite\norm\s\UnboundedSum.cpp">
      <Filter>Resource Files\FuzzyLite\norm\s</Filter>
    </ClCompile>
    <ClCompile Include="FuzzyLite\imex\CppExporter.cpp">
      <Filter>Resource Files\FuzzyLite\imex</Filter>
    </ClCompile>
    <ClCompile Include="FuzzyLite\imex\Exporter.cpp">
      <Filter>Resource Files\FuzzyLite\imex</Filter>
    </ClCompile>
    <ClCompile Include="FuzzyLite\imex\FclExporter.cpp">
      <Filter>Resource Files\FuzzyLite\imex</Filter>
    </ClCompile>
    <ClCompile Include="FuzzyLite\imex\FclImporter.cpp">
      <Filter>Resource Files\FuzzyLite\imex</Filter>
    </ClCompile>
    <ClCompile Include="FuzzyLite\imex\FisExporter.cpp">
      <Filter>Resource Files\FuzzyLite\imex</Filter>
    </ClCompile>
    <ClCompile Include="FuzzyLite\imex\FisImporter.cpp">
      <Filter>Resource Files\FuzzyLite\imex</Filter>
    </ClCompile>
    <ClCompile Include="FuzzyLite\imex\FldExporter.cpp">
      <Filter>Resource Files\FuzzyLite\imex</Filter>
    </ClCompile>
    <ClCompile Include="FuzzyLite\imex\FllExporter.cpp">
      <Filter>Resource Files\FuzzyLite\imex</Filter>
    </ClCompile>
    <ClCompile Include="FuzzyLite\imex\FllImporter.cpp">
      <Filter>Resource Files\FuzzyLite\imex</Filter>
    </ClCompile>
    <ClCompile Include="FuzzyLite\imex\Importer.cpp">
      <Filter>Resource Files\FuzzyLite\imex</Filter>
    </ClCompile>
    <ClCompile Include="FuzzyLite\imex\JavaExporter.cpp">
      <Filter>Resource Files\FuzzyLite\imex</Filter>
    </ClCompile>
    <ClCompile Include="FuzzyLite\imex\RScriptExporter.cpp">
      <Filter>Resource Files\FuzzyLite\imex</Filter>
    </ClCompile>
    <ClCompile Include="FuzzyLite\hedge\Any.cpp">
      <Filter>Resource Files\FuzzyLite\hedge</Filter>
    </ClCompile>
    <ClCompile Include="FuzzyLite\hedge\Extremely.cpp">
      <Filter>Resource Files\FuzzyLite\hedge</Filter>
    </ClCompile>
    <ClCompile Include="FuzzyLite\hedge\HedgeFunction.cpp">
      <Filter>Resource Files\FuzzyLite\hedge</Filter>
    </ClCompile>
    <ClCompile Include="FuzzyLite\hedge\Not.cpp">
      <Filter>Resource Files\FuzzyLite\hedge</Filter>
    </ClCompile>
    <ClCompile Include="FuzzyLite\hedge\Seldom.cpp">
      <Filter>Resource Files\FuzzyLite\hedge</Filter>
    </ClCompile>
    <ClCompile Include="FuzzyLite\hedge\Somewhat.cpp">
      <Filter>Resource Files\FuzzyLite\hedge</Filter>
    </ClCompile>
    <ClCompile Include="FuzzyLite\hedge\Very.cpp">
      <Filter>Resource Files\FuzzyLite\hedge</Filter>
    </ClCompile>
    <ClCompile Include="FuzzyLite\factory\ActivationFactory.cpp">
      <Filter>Resource Files\FuzzyLite\factory</Filter>
    </ClCompile>
    <ClCompile Include="FuzzyLite\factory\DefuzzifierFactory.cpp">
      <Filter>Resource Files\FuzzyLite\factory</Filter>
    </ClCompile>
    <ClCompile Include="FuzzyLite\factory\FactoryManager.cpp">
      <Filter>Resource Files\FuzzyLite\factory</Filter>
    </ClCompile>
    <ClCompile Include="FuzzyLite\factory\FunctionFactory.cpp">
      <Filter>Resource Files\FuzzyLite\factory</Filter>
    </ClCompile>
    <ClCompile Include="FuzzyLite\factory\HedgeFactory.cpp">
      <Filter>Resource Files\FuzzyLite\factory</Filter>
    </ClCompile>
    <ClCompile Include="FuzzyLite\factory\SNormFactory.cpp">
      <Filter>Resource Files\FuzzyLite\factory</Filter>
    </ClCompile>
    <ClCompile Include="FuzzyLite\factory\TermFactory.cpp">
      <Filter>Resource Files\FuzzyLite\factory</Filter>
    </ClCompile>
    <ClCompile Include="FuzzyLite\factory\TNormFactory.cpp">
      <Filter>Resource Files\FuzzyLite\factory</Filter>
    </ClCompile>
    <ClCompile Include="FuzzyLite\defuzzifier\Bisector.cpp">
      <Filter>Resource Files\FuzzyLite\defuzzifier</Filter>
    </ClCompile>
    <ClCompile Include="FuzzyLite\defuzzifier\Centroid.cpp">
      <Filter>Resource Files\FuzzyLite\defuzzifier</Filter>
    </ClCompile>
    <ClCompile Include="FuzzyLite\defuzzifier\IntegralDefuzzifier.cpp">
      <Filter>Resource Files\FuzzyLite\defuzzifier</Filter>
    </ClCompile>
    <ClCompile Include="FuzzyLite\defuzzifier\LargestOfMaximum.cpp">
      <Filter>Resource Files\FuzzyLite\defuzzifier</Filter>
    </ClCompile>
    <ClCompile Include="FuzzyLite\defuzzifier\MeanOfMaximum.cpp">
      <Filter>Resource Files\FuzzyLite\defuzzifier</Filter>
    </ClCompile>
    <ClCompile Include="FuzzyLite\defuzzifier\SmallestOfMaximum.cpp">
      <Filter>Resource Files\FuzzyLite\defuzzifier</Filter>
    </ClCompile>
    <ClCompile Include="FuzzyLite\defuzzifier\WeightedAverage.cpp">
      <Filter>Resource Files\FuzzyLite\defuzzifier</Filter>
    </ClCompile>
    <ClCompile Include="FuzzyLite\defuzzifier\WeightedAverageCustom.cpp">
      <Filter>Resource Files\FuzzyLite\defuzzifier</Filter>
    </ClCompile>
    <ClCompile Include="FuzzyLite\defuzzifier\WeightedDefuzzifier.cpp">
      <Filter>Resource Files\FuzzyLite\defuzzifier</Filter>
    </ClCompile>
    <ClCompile Include="FuzzyLite\defuzzifier\WeightedSum.cpp">
      <Filter>Resource Files\FuzzyLite\defuzzifier</Filter>
    </ClCompile>
    <ClCompile Include="FuzzyLite\defuzzifier\WeightedSumCustom.cpp">
      <Filter>Resource Files\FuzzyLite\defuzzifier</Filter>
    </ClCompile>
    <ClCompile Include="FuzzyLite\activation\Threshold.cpp">
      <Filter>Resource Files\FuzzyLite\activation</Filter>
    </ClCompile>
    <ClCompile Include="FuzzyLite\activation\Proportional.cpp">
      <Filter>Resource Files\FuzzyLite\activation</Filter>
    </ClCompile>
    <ClCompile Include="FuzzyLite\activation\Lowest.cpp">
      <Filter>Resource Files\FuzzyLite\activation</Filter>
    </ClCompile>
    <ClCompile Include="FuzzyLite\activation\Last.cpp">
      <Filter>Resource Files\FuzzyLite\activation</Filter>
    </ClCompile>
    <ClCompile Include="FuzzyLite\activation\Highest.cpp">
      <Filter>Resource Files\FuzzyLite\activation</Filter>
    </ClCompile>
    <ClCompile Include="FuzzyLite\activation\General.cpp">
      <Filter>Resource Files\FuzzyLite\activation</Filter>
    </ClCompile>
    <ClCompile Include="FuzzyLite\activation\First.cpp">
      <Filter>Resource Files\FuzzyLite\activation</Filter>
    </ClCompile>
    <ClCompile Include="SimpleBehaviour.cpp">
      <Filter>Source Files\GameElements\Behaviours</Filter>
    </ClCompile>
  </ItemGroup>
  <ItemGroup>
    <ClInclude Include="GameLogic.h">
      <Filter>Header Files</Filter>
    </ClInclude>
    <ClInclude Include="SFML_Window.h">
      <Filter>Header Files</Filter>
    </ClInclude>
    <ClInclude Include="ResourceManager.h">
      <Filter>Header Files\Management</Filter>
    </ClInclude>
    <ClInclude Include="Tile.h">
      <Filter>Header Files\Tile</Filter>
    </ClInclude>
    <ClInclude Include="World.h">
      <Filter>Header Files</Filter>
    </ClInclude>
    <ClInclude Include="Player.h">
      <Filter>Header Files\GameElements</Filter>
    </ClInclude>
    <ClInclude Include="RoomEscape.h">
      <Filter>Header Files</Filter>
    </ClInclude>
    <ClInclude Include="DataStructs.h">
      <Filter>Header Files\Structs</Filter>
    </ClInclude>
    <ClInclude Include="DeadlyTile.h">
      <Filter>Header Files\Tile</Filter>
    </ClInclude>
    <ClInclude Include="AcceptableTile.h">
      <Filter>Header Files\Tile</Filter>
    </ClInclude>
    <ClInclude Include="Behaviour.h">
      <Filter>Header Files\GameElements\Behaviours</Filter>
    </ClInclude>
    <ClInclude Include="FuzzyBehaviour.h">
      <Filter>Header Files\GameElements\Behaviours</Filter>
    </ClInclude>
    <ClInclude Include="SimpleBehaviour.h">
      <Filter>Header Files\GameElements\Behaviours</Filter>
    </ClInclude>
    <ClInclude Include="CautiousTile.h">
      <Filter>Header Files\Tile</Filter>
    </ClInclude>
    <ClInclude Include="Interactable.h">
      <Filter>Header Files\GameElements</Filter>
    </ClInclude>
    <ClInclude Include="NaturalLogicManager.h">
      <Filter>Header Files\Management</Filter>
    </ClInclude>
  </ItemGroup>
  <ItemGroup>
    <Library Include="..\Library\openal32.lib">
      <Filter>Resource Files</Filter>
    </Library>
  </ItemGroup>
</Project>